
Microsoft Visual Studio Solution File, Format Version 12.00
# Visual Studio Version 17
VisualStudioVersion = 17.8.34330.188
MinimumVisualStudioVersion = 10.0.40219.1
Project("{FAE04EC0-301F-11D3-BF4B-00C04F79EFBC}") = "MagicVillaWebApi", "MagicVillaWebApi\MagicVillaWebApi.csproj", "{60ED1F65-F0F9-4070-B46E-2FCF7C7215BA}"
EndProject
Global
	GlobalSection(SolutionConfigurationPlatforms) = preSolution
		Debug|Any CPU = Debug|Any CPU
		Release|Any CPU = Release|Any CPU
	EndGlobalSection
	GlobalSection(ProjectConfigurationPlatforms) = postSolution
		{60ED1F65-F0F9-4070-B46E-2FCF7C7215BA}.Debug|Any CPU.ActiveCfg = Debug|Any CPU
		{60ED1F65-F0F9-4070-B46E-2FCF7C7215BA}.Debug|Any CPU.Build.0 = Debug|Any CPU
		{60ED1F65-F0F9-4070-B46E-2FCF7C7215BA}.Release|Any CPU.ActiveCfg = Release|Any CPU
		{60ED1F65-F0F9-4070-B46E-2FCF7C7215BA}.Release|Any CPU.Build.0 = Release|Any CPU
	EndGlobalSection
	GlobalSection(SolutionProperties) = preSolution
		HideSolutionNode = FALSE
	EndGlobalSection
	GlobalSection(ExtensibilityGlobals) = postSolution
		SolutionGuid = {C9DC1A67-4724-49FE-BCEA-6CD33FE5857A}
	EndGlobalSection
EndGlobal
